
Microsoft Visual Studio Solution File, Format Version 12.00
# Visual Studio Version 16
VisualStudioVersion = 16.0.31005.135
MinimumVisualStudioVersion = 10.0.40219.1
Project("{9A19103F-16F7-4668-BE54-9A1E7A4F7556}") = "Appli-Taxi", "Appli-Taxi.csproj", "{1209BB70-4F09-4B80-B179-5EE4A9A8240C}"
EndProject
Global
	GlobalSection(SolutionConfigurationPlatforms) = preSolution
		Debug|Any CPU = Debug|Any CPU
		Release|Any CPU = Release|Any CPU
	EndGlobalSection
	GlobalSection(ProjectConfigurationPlatforms) = postSolution
		{1209BB70-4F09-4B80-B179-5EE4A9A8240C}.Debug|Any CPU.ActiveCfg = Debug|Any CPU
		{1209BB70-4F09-4B80-B179-5EE4A9A8240C}.Debug|Any CPU.Build.0 = Debug|Any CPU
		{1209BB70-4F09-4B80-B179-5EE4A9A8240C}.Release|Any CPU.ActiveCfg = Release|Any CPU
		{1209BB70-4F09-4B80-B179-5EE4A9A8240C}.Release|Any CPU.Build.0 = Release|Any CPU
	EndGlobalSection
	GlobalSection(SolutionProperties) = preSolution
		HideSolutionNode = FALSE
	EndGlobalSection
	GlobalSection(ExtensibilityGlobals) = postSolution
		SolutionGuid = {019E8410-D19B-4152-AB39-EF39517DC470}
	EndGlobalSection
EndGlobal
