{
  "requires": true,
  "lockfileVersion": 1,
  "dependencies": {
    "jquery-price-format": {
      "version": "git+https://github.com/flaviosilveira/Jquery-Price-Format.git#a472489b639e1f83e9a7892e60dd9723d96e3c67",
      "from": "git+https://github.com/flaviosilveira/Jquery-Price-Format.git"
    }
  }
}
